// !$*UTF8*$!
{
	archiveVersion = 1;
	classes = {
	};
	objectVersion = 77;
	objects = {

/* Begin PBXBuildFile section */
		0F8779E59BF48DD4C9838A4B /* AboutView.swift in Sources */ = {isa = PBXBuildFile; fileRef = AF519972B0C681FF7F5F8D79 /* AboutView.swift */; };
		1477308192F5C1726B58224F /* ScoreView.swift in Sources */ = {isa = PBXBuildFile; fileRef = 744A11537FAB46BDC50F9214 /* ScoreView.swift */; };
		27ADA24B4044F34143C858C3 /* GameOverView.swift in Sources */ = {isa = PBXBuildFile; fileRef = D0AC6B3BC8BB190EBB0B1CE0 /* GameOverView.swift */; };
		2D30E4696DD17B014C4B3D13 /* ContractSummaryView.swift in Sources */ = {isa = PBXBuildFile; fileRef = 7A8D6EE08AC38D9AAF6DA3ED /* ContractSummaryView.swift */; };
		30B28B547A069D626BDC7A75 /* GameState.swift in Sources */ = {isa = PBXBuildFile; fileRef = 39AB5CBF5DF153B9A1247D67 /* GameState.swift */; };
		318BC1401D79E298313A06EC /* RulesView.swift in Sources */ = {isa = PBXBuildFile; fileRef = 2E141AFFB4ABB49B6FA3A839 /* RulesView.swift */; };
		397B16E03233E92CA298D218 /* ContractManager.swift in Sources */ = {isa = PBXBuildFile; fileRef = AB470B008958CF7CC57CBAC8 /* ContractManager.swift */; };
		4782312D7BBDEE8C54F31D23 /* SelectionPhaseView.swift in Sources */ = {isa = PBXBuildFile; fileRef = 2C3261793A47A22E95C30381 /* SelectionPhaseView.swift */; };
		5BC7F702DF4E0F621AD1CCE5 /* Card.swift in Sources */ = {isa = PBXBuildFile; fileRef = 1124715DE809D1A4E60F3E76 /* Card.swift */; };
		5C43584674D5541408AED2F8 /* GameViewModel.swift in Sources */ = {isa = PBXBuildFile; fileRef = 4DFD369C7244CE5BAF3ECE68 /* GameViewModel.swift */; };
		62C3F654A272AA8493CFBE35 /* PenaltyEnforcer.swift in Sources */ = {isa = PBXBuildFile; fileRef = EB6F1EB89F6457216FFA8C3E /* PenaltyEnforcer.swift */; };
		6662D144111C386F0AC67672 /* AutoPlayTimerView.swift in Sources */ = {isa = PBXBuildFile; fileRef = FDDAA3827931CDCBFED49D6B /* AutoPlayTimerView.swift */; };
		6DD3AA3731E7D4DA209F8964 /* ScoreCalculator.swift in Sources */ = {isa = PBXBuildFile; fileRef = 349402661B292902D729191C /* ScoreCalculator.swift */; };
		6E0A0DE92A706FF2EE208126 /* HandView.swift in Sources */ = {isa = PBXBuildFile; fileRef = 00F3FDF014A5A6F81FCE192D /* HandView.swift */; };
		74ED30A5DECE6E9E2236C7FB /* GameEngine.swift in Sources */ = {isa = PBXBuildFile; fileRef = 448635850DCB370936810363 /* GameEngine.swift */; };
		7A6097220E695CDB9981E1F1 /* Player.swift in Sources */ = {isa = PBXBuildFile; fileRef = 9B6A4A8065B96D245AD36438 /* Player.swift */; };
		82B6F0FB16BA079B6534EEC2 /* CardView.swift in Sources */ = {isa = PBXBuildFile; fileRef = 66871543F64AA2AC0BA9D607 /* CardView.swift */; };
		85EE555295D92FCBBDD8EDA2 /* TrumpIndicatorView.swift in Sources */ = {isa = PBXBuildFile; fileRef = BC180B3A69EE7D5684752381 /* TrumpIndicatorView.swift */; };
		9870CA4BC6FF3098BA65F28D /* TrickAreaView.swift in Sources */ = {isa = PBXBuildFile; fileRef = 0129AA7628E035555830D8EC /* TrickAreaView.swift */; };
		BA0AA0AA6DAE0AB4787CC514 /* KingGameApp.swift in Sources */ = {isa = PBXBuildFile; fileRef = 6EC840E3C1F7B780DC0EF52F /* KingGameApp.swift */; };
		C19F29E35AEAD3EB08111EB8 /* OpponentHandView.swift in Sources */ = {isa = PBXBuildFile; fileRef = AA89FB3CA6FF7077A0CD95EE /* OpponentHandView.swift */; };
		C2526DA10008EDBA8F495338 /* SettingsView.swift in Sources */ = {isa = PBXBuildFile; fileRef = 9BA036D8EBB57A94342584A6 /* SettingsView.swift */; };
		D004134E5C6896CB0335D24E /* MainMenuView.swift in Sources */ = {isa = PBXBuildFile; fileRef = 2CBED7E49D9A89D7CD445C9C /* MainMenuView.swift */; };
		D788E2EA9B65ABBC9D9925EE /* Assets.xcassets in Resources */ = {isa = PBXBuildFile; fileRef = C0A92B0A30C6D7E865205FBD /* Assets.xcassets */; };
		E1CA5B6B1E7FD49B5A9A5311 /* ContractType.swift in Sources */ = {isa = PBXBuildFile; fileRef = 3D4CE3949C5F64D101012BFD /* ContractType.swift */; };
		E230747B485535FBDF23659E /* AIPlayer.swift in Sources */ = {isa = PBXBuildFile; fileRef = EE9E5CA19AF4BCF98E0ED241 /* AIPlayer.swift */; };
		E68E018DB75DBB3B9520ABED /* GameBoardView.swift in Sources */ = {isa = PBXBuildFile; fileRef = B6F200618534EED1361399C2 /* GameBoardView.swift */; };
		EB0FB43CD91CC4C217B299B7 /* TrickEvaluator.swift in Sources */ = {isa = PBXBuildFile; fileRef = 0835A3FAC45C39AE96F38F51 /* TrickEvaluator.swift */; };
		F8C5C74B985A30BC06562723 /* Deck.swift in Sources */ = {isa = PBXBuildFile; fileRef = 3477B2DED723443E4C4B861D /* Deck.swift */; };
/* End PBXBuildFile section */

/* Begin PBXFileReference section */
		00F3FDF014A5A6F81FCE192D /* HandView.swift */ = {isa = PBXFileReference; lastKnownFileType = sourcecode.swift; path = HandView.swift; sourceTree = "<group>"; };
		0129AA7628E035555830D8EC /* TrickAreaView.swift */ = {isa = PBXFileReference; lastKnownFileType = sourcecode.swift; path = TrickAreaView.swift; sourceTree = "<group>"; };
		0835A3FAC45C39AE96F38F51 /* TrickEvaluator.swift */ = {isa = PBXFileReference; lastKnownFileType = sourcecode.swift; path = TrickEvaluator.swift; sourceTree = "<group>"; };
		1124715DE809D1A4E60F3E76 /* Card.swift */ = {isa = PBXFileReference; lastKnownFileType = sourcecode.swift; path = Card.swift; sourceTree = "<group>"; };
		2C3261793A47A22E95C30381 /* SelectionPhaseView.swift */ = {isa = PBXFileReference; lastKnownFileType = sourcecode.swift; path = SelectionPhaseView.swift; sourceTree = "<group>"; };
		2CBED7E49D9A89D7CD445C9C /* MainMenuView.swift */ = {isa = PBXFileReference; lastKnownFileType = sourcecode.swift; path = MainMenuView.swift; sourceTree = "<group>"; };
		2E141AFFB4ABB49B6FA3A839 /* RulesView.swift */ = {isa = PBXFileReference; lastKnownFileType = sourcecode.swift; path = RulesView.swift; sourceTree = "<group>"; };
		3477B2DED723443E4C4B861D /* Deck.swift */ = {isa = PBXFileReference; lastKnownFileType = sourcecode.swift; path = Deck.swift; sourceTree = "<group>"; };
		349402661B292902D729191C /* ScoreCalculator.swift */ = {isa = PBXFileReference; lastKnownFileType = sourcecode.swift; path = ScoreCalculator.swift; sourceTree = "<group>"; };
		39AB5CBF5DF153B9A1247D67 /* GameState.swift */ = {isa = PBXFileReference; lastKnownFileType = sourcecode.swift; path = GameState.swift; sourceTree = "<group>"; };
		3D4CE3949C5F64D101012BFD /* ContractType.swift */ = {isa = PBXFileReference; lastKnownFileType = sourcecode.swift; path = ContractType.swift; sourceTree = "<group>"; };
		448635850DCB370936810363 /* GameEngine.swift */ = {isa = PBXFileReference; lastKnownFileType = sourcecode.swift; path = GameEngine.swift; sourceTree = "<group>"; };
		4DFD369C7244CE5BAF3ECE68 /* GameViewModel.swift */ = {isa = PBXFileReference; lastKnownFileType = sourcecode.swift; path = GameViewModel.swift; sourceTree = "<group>"; };
		66871543F64AA2AC0BA9D607 /* CardView.swift */ = {isa = PBXFileReference; lastKnownFileType = sourcecode.swift; path = CardView.swift; sourceTree = "<group>"; };
		6EC840E3C1F7B780DC0EF52F /* KingGameApp.swift */ = {isa = PBXFileReference; lastKnownFileType = sourcecode.swift; path = KingGameApp.swift; sourceTree = "<group>"; };
		744A11537FAB46BDC50F9214 /* ScoreView.swift */ = {isa = PBXFileReference; lastKnownFileType = sourcecode.swift; path = ScoreView.swift; sourceTree = "<group>"; };
		7A8D6EE08AC38D9AAF6DA3ED /* ContractSummaryView.swift */ = {isa = PBXFileReference; lastKnownFileType = sourcecode.swift; path = ContractSummaryView.swift; sourceTree = "<group>"; };
		9B6A4A8065B96D245AD36438 /* Player.swift */ = {isa = PBXFileReference; lastKnownFileType = sourcecode.swift; path = Player.swift; sourceTree = "<group>"; };
		9BA036D8EBB57A94342584A6 /* SettingsView.swift */ = {isa = PBXFileReference; lastKnownFileType = sourcecode.swift; path = SettingsView.swift; sourceTree = "<group>"; };
		AA89FB3CA6FF7077A0CD95EE /* OpponentHandView.swift */ = {isa = PBXFileReference; lastKnownFileType = sourcecode.swift; path = OpponentHandView.swift; sourceTree = "<group>"; };
		AB470B008958CF7CC57CBAC8 /* ContractManager.swift */ = {isa = PBXFileReference; lastKnownFileType = sourcecode.swift; path = ContractManager.swift; sourceTree = "<group>"; };
		AC772F70BD457752E7A38C82 /* KingGame.app */ = {isa = PBXFileReference; includeInIndex = 0; lastKnownFileType = wrapper.application; path = KingGame.app; sourceTree = BUILT_PRODUCTS_DIR; };
		AF519972B0C681FF7F5F8D79 /* AboutView.swift */ = {isa = PBXFileReference; lastKnownFileType = sourcecode.swift; path = AboutView.swift; sourceTree = "<group>"; };
		B6F200618534EED1361399C2 /* GameBoardView.swift */ = {isa = PBXFileReference; lastKnownFileType = sourcecode.swift; path = GameBoardView.swift; sourceTree = "<group>"; };
		BC180B3A69EE7D5684752381 /* TrumpIndicatorView.swift */ = {isa = PBXFileReference; lastKnownFileType = sourcecode.swift; path = TrumpIndicatorView.swift; sourceTree = "<group>"; };
		C0A92B0A30C6D7E865205FBD /* Assets.xcassets */ = {isa = PBXFileReference; lastKnownFileType = folder.assetcatalog; path = Assets.xcassets; sourceTree = "<group>"; };
		D0AC6B3BC8BB190EBB0B1CE0 /* GameOverView.swift */ = {isa = PBXFileReference; lastKnownFileType = sourcecode.swift; path = GameOverView.swift; sourceTree = "<group>"; };
		EB6F1EB89F6457216FFA8C3E /* PenaltyEnforcer.swift */ = {isa = PBXFileReference; lastKnownFileType = sourcecode.swift; path = PenaltyEnforcer.swift; sourceTree = "<group>"; };
		EE9E5CA19AF4BCF98E0ED241 /* AIPlayer.swift */ = {isa = PBXFileReference; lastKnownFileType = sourcecode.swift; path = AIPlayer.swift; sourceTree = "<group>"; };
		FDDAA3827931CDCBFED49D6B /* AutoPlayTimerView.swift */ = {isa = PBXFileReference; lastKnownFileType = sourcecode.swift; path = AutoPlayTimerView.swift; sourceTree = "<group>"; };
/* End PBXFileReference section */

/* Begin PBXGroup section */
		1CEC7E00EB55AC4C505ED516 = {
			isa = PBXGroup;
			children = (
				D5A3D7006CE0D0867A82D718 /* App */,
				A7CD3F0FA291425AF153291A /* Engine */,
				D98DED36D6C28C4F7A4526F4 /* Models */,
				3D5B897BE0F48E0B61CD6258 /* ViewModels */,
				5EE3FDF95D825973DA23C0A3 /* Views */,
				34B41B98A83E1021E7B30CF8 /* Products */,
			);
			sourceTree = "<group>";
		};
		34B41B98A83E1021E7B30CF8 /* Products */ = {
			isa = PBXGroup;
			children = (
				AC772F70BD457752E7A38C82 /* KingGame.app */,
			);
			name = Products;
			sourceTree = "<group>";
		};
		3D5B897BE0F48E0B61CD6258 /* ViewModels */ = {
			isa = PBXGroup;
			children = (
				4DFD369C7244CE5BAF3ECE68 /* GameViewModel.swift */,
			);
			path = ViewModels;
			sourceTree = "<group>";
		};
		5EE3FDF95D825973DA23C0A3 /* Views */ = {
			isa = PBXGroup;
			children = (
				AF519972B0C681FF7F5F8D79 /* AboutView.swift */,
				FDDAA3827931CDCBFED49D6B /* AutoPlayTimerView.swift */,
				66871543F64AA2AC0BA9D607 /* CardView.swift */,
				7A8D6EE08AC38D9AAF6DA3ED /* ContractSummaryView.swift */,
				B6F200618534EED1361399C2 /* GameBoardView.swift */,
				D0AC6B3BC8BB190EBB0B1CE0 /* GameOverView.swift */,
				00F3FDF014A5A6F81FCE192D /* HandView.swift */,
				2CBED7E49D9A89D7CD445C9C /* MainMenuView.swift */,
				AA89FB3CA6FF7077A0CD95EE /* OpponentHandView.swift */,
				2E141AFFB4ABB49B6FA3A839 /* RulesView.swift */,
				744A11537FAB46BDC50F9214 /* ScoreView.swift */,
				2C3261793A47A22E95C30381 /* SelectionPhaseView.swift */,
				9BA036D8EBB57A94342584A6 /* SettingsView.swift */,
				0129AA7628E035555830D8EC /* TrickAreaView.swift */,
				BC180B3A69EE7D5684752381 /* TrumpIndicatorView.swift */,
			);
			path = Views;
			sourceTree = "<group>";
		};
		A7CD3F0FA291425AF153291A /* Engine */ = {
			isa = PBXGroup;
			children = (
				EE9E5CA19AF4BCF98E0ED241 /* AIPlayer.swift */,
				AB470B008958CF7CC57CBAC8 /* ContractManager.swift */,
				448635850DCB370936810363 /* GameEngine.swift */,
				EB6F1EB89F6457216FFA8C3E /* PenaltyEnforcer.swift */,
				349402661B292902D729191C /* ScoreCalculator.swift */,
				0835A3FAC45C39AE96F38F51 /* TrickEvaluator.swift */,
			);
			path = Engine;
			sourceTree = "<group>";
		};
		D5A3D7006CE0D0867A82D718 /* App */ = {
			isa = PBXGroup;
			children = (
				C0A92B0A30C6D7E865205FBD /* Assets.xcassets */,
				6EC840E3C1F7B780DC0EF52F /* KingGameApp.swift */,
			);
			path = App;
			sourceTree = "<group>";
		};
		D98DED36D6C28C4F7A4526F4 /* Models */ = {
			isa = PBXGroup;
			children = (
				1124715DE809D1A4E60F3E76 /* Card.swift */,
				3D4CE3949C5F64D101012BFD /* ContractType.swift */,
				3477B2DED723443E4C4B861D /* Deck.swift */,
				39AB5CBF5DF153B9A1247D67 /* GameState.swift */,
				9B6A4A8065B96D245AD36438 /* Player.swift */,
			);
			path = Models;
			sourceTree = "<group>";
		};
/* End PBXGroup section */

/* Begin PBXNativeTarget section */
		7F2F6323A346A8E1CF336317 /* KingGame */ = {
			isa = PBXNativeTarget;
			buildConfigurationList = 212960EB0253510BBB8871DC /* Build configuration list for PBXNativeTarget "KingGame" */;
			buildPhases = (
				7DCFD0A318325098D0F04732 /* Sources */,
				7AA1ABB1032EE8C385DF2DA0 /* Resources */,
			);
			buildRules = (
			);
			dependencies = (
			);
			name = KingGame;
			packageProductDependencies = (
			);
			productName = KingGame;
			productReference = AC772F70BD457752E7A38C82 /* KingGame.app */;
			productType = "com.apple.product-type.application";
		};
/* End PBXNativeTarget section */

/* Begin PBXProject section */
		E0DA8BB239EE4F7C1B183034 /* Project object */ = {
			isa = PBXProject;
			attributes = {
				BuildIndependentTargetsInParallel = YES;
				LastUpgradeCheck = 1430;
				TargetAttributes = {
					7F2F6323A346A8E1CF336317 = {
						DevelopmentTeam = Y87LV5JK4T;
						ProvisioningStyle = Automatic;
					};
				};
			};
			buildConfigurationList = 74BCC2C667CB726B4B88E0BE /* Build configuration list for PBXProject "KingGame" */;
			developmentRegion = en;
			hasScannedForEncodings = 0;
			knownRegions = (
				Base,
				en,
			);
			mainGroup = 1CEC7E00EB55AC4C505ED516;
			minimizedProjectReferenceProxies = 1;
			preferredProjectObjectVersion = 77;
			productRefGroup = 34B41B98A83E1021E7B30CF8 /* Products */;
			projectDirPath = "";
			projectRoot = "";
			targets = (
				7F2F6323A346A8E1CF336317 /* KingGame */,
			);
		};
/* End PBXProject section */

/* Begin PBXResourcesBuildPhase section */
		7AA1ABB1032EE8C385DF2DA0 /* Resources */ = {
			isa = PBXResourcesBuildPhase;
			buildActionMask = 2147483647;
			files = (
				D788E2EA9B65ABBC9D9925EE /* Assets.xcassets in Resources */,
			);
			runOnlyForDeploymentPostprocessing = 0;
		};
/* End PBXResourcesBuildPhase section */

/* Begin PBXSourcesBuildPhase section */
		7DCFD0A318325098D0F04732 /* Sources */ = {
			isa = PBXSourcesBuildPhase;
			buildActionMask = 2147483647;
			files = (
				E230747B485535FBDF23659E /* AIPlayer.swift in Sources */,
				0F8779E59BF48DD4C9838A4B /* AboutView.swift in Sources */,
				6662D144111C386F0AC67672 /* AutoPlayTimerView.swift in Sources */,
				5BC7F702DF4E0F621AD1CCE5 /* Card.swift in Sources */,
				82B6F0FB16BA079B6534EEC2 /* CardView.swift in Sources */,
				397B16E03233E92CA298D218 /* ContractManager.swift in Sources */,
				2D30E4696DD17B014C4B3D13 /* ContractSummaryView.swift in Sources */,
				E1CA5B6B1E7FD49B5A9A5311 /* ContractType.swift in Sources */,
				F8C5C74B985A30BC06562723 /* Deck.swift in Sources */,
				E68E018DB75DBB3B9520ABED /* GameBoardView.swift in Sources */,
				74ED30A5DECE6E9E2236C7FB /* GameEngine.swift in Sources */,
				27ADA24B4044F34143C858C3 /* GameOverView.swift in Sources */,
				30B28B547A069D626BDC7A75 /* GameState.swift in Sources */,
				5C43584674D5541408AED2F8 /* GameViewModel.swift in Sources */,
				6E0A0DE92A706FF2EE208126 /* HandView.swift in Sources */,
				BA0AA0AA6DAE0AB4787CC514 /* KingGameApp.swift in Sources */,
				D004134E5C6896CB0335D24E /* MainMenuView.swift in Sources */,
				C19F29E35AEAD3EB08111EB8 /* OpponentHandView.swift in Sources */,
				62C3F654A272AA8493CFBE35 /* PenaltyEnforcer.swift in Sources */,
				7A6097220E695CDB9981E1F1 /* Player.swift in Sources */,
				318BC1401D79E298313A06EC /* RulesView.swift in Sources */,
				6DD3AA3731E7D4DA209F8964 /* ScoreCalculator.swift in Sources */,
				1477308192F5C1726B58224F /* ScoreView.swift in Sources */,
				4782312D7BBDEE8C54F31D23 /* SelectionPhaseView.swift in Sources */,
				C2526DA10008EDBA8F495338 /* SettingsView.swift in Sources */,
				9870CA4BC6FF3098BA65F28D /* TrickAreaView.swift in Sources */,
				EB0FB43CD91CC4C217B299B7 /* TrickEvaluator.swift in Sources */,
				85EE555295D92FCBBDD8EDA2 /* TrumpIndicatorView.swift in Sources */,
			);
			runOnlyForDeploymentPostprocessing = 0;
		};
/* End PBXSourcesBuildPhase section */

/* Begin XCBuildConfiguration section */
		25F3DD01D348A0312E6C267D /* Debug */ = {
			isa = XCBuildConfiguration;
			buildSettings = {
				ASSETCATALOG_COMPILER_APPICON_NAME = AppIcon;
				ASSETCATALOG_COMPILER_GENERATE_SWIFT_ASSET_SYMBOL_EXTENSIONS = NO;
				CODE_SIGN_IDENTITY = "iPhone Developer";
				CODE_SIGN_STYLE = Automatic;
				DEVELOPMENT_TEAM = Y87LV5JK4T;
				GENERATE_INFOPLIST_FILE = YES;
				INFOPLIST_KEY_CFBundleDisplayName = "Kralın 20 Eli";
				INFOPLIST_KEY_UIApplicationSceneManifest_Generation = YES;
				INFOPLIST_KEY_UILaunchScreen_Generation = YES;
				IPHONEOS_DEPLOYMENT_TARGET = 17.0;
				LD_RUNPATH_SEARCH_PATHS = (
					"$(inherited)",
					"@executable_path/Frameworks",
				);
				PRODUCT_BUNDLE_IDENTIFIER = com.igurocak.KingGame;
				SDKROOT = iphoneos;
				TARGETED_DEVICE_FAMILY = "1,2";
			};
			name = Debug;
		};
		BBECE8470C001C58C08D263B /* Release */ = {
			isa = XCBuildConfiguration;
			buildSettings = {
				ASSETCATALOG_COMPILER_APPICON_NAME = AppIcon;
				ASSETCATALOG_COMPILER_GENERATE_SWIFT_ASSET_SYMBOL_EXTENSIONS = NO;
				CODE_SIGN_IDENTITY = "iPhone Developer";
				CODE_SIGN_STYLE = Automatic;
				DEVELOPMENT_TEAM = Y87LV5JK4T;
				GENERATE_INFOPLIST_FILE = YES;
				INFOPLIST_KEY_CFBundleDisplayName = "Kralın 20 Eli";
				INFOPLIST_KEY_UIApplicationSceneManifest_Generation = YES;
				INFOPLIST_KEY_UILaunchScreen_Generation = YES;
				IPHONEOS_DEPLOYMENT_TARGET = 17.0;
				LD_RUNPATH_SEARCH_PATHS = (
					"$(inherited)",
					"@executable_path/Frameworks",
				);
				PRODUCT_BUNDLE_IDENTIFIER = com.igurocak.KingGame;
				SDKROOT = iphoneos;
				TARGETED_DEVICE_FAMILY = "1,2";
			};
			name = Release;
		};
		DFBA95ABE249F5818A291C48 /* Debug */ = {
			isa = XCBuildConfiguration;
			buildSettings = {
				ALWAYS_SEARCH_USER_PATHS = NO;
				CLANG_ANALYZER_NONNULL = YES;
				CLANG_ANALYZER_NUMBER_OBJECT_CONVERSION = YES_AGGRESSIVE;
				CLANG_CXX_LANGUAGE_STANDARD = "gnu++14";
				CLANG_CXX_LIBRARY = "libc++";
				CLANG_ENABLE_MODULES = YES;
				CLANG_ENABLE_OBJC_ARC = YES;
				CLANG_ENABLE_OBJC_WEAK = YES;
				CLANG_WARN_BLOCK_CAPTURE_AUTORELEASING = YES;
				CLANG_WARN_BOOL_CONVERSION = YES;
				CLANG_WARN_COMMA = YES;
				CLANG_WARN_CONSTANT_CONVERSION = YES;
				CLANG_WARN_DEPRECATED_OBJC_IMPLEMENTATIONS = YES;
				CLANG_WARN_DIRECT_OBJC_ISA_USAGE = YES_ERROR;
				CLANG_WARN_DOCUMENTATION_COMMENTS = YES;
				CLANG_WARN_EMPTY_BODY = YES;
				CLANG_WARN_ENUM_CONVERSION = YES;
				CLANG_WARN_INFINITE_RECURSION = YES;
				CLANG_WARN_INT_CONVERSION = YES;
				CLANG_WARN_NON_LITERAL_NULL_CONVERSION = YES;
				CLANG_WARN_OBJC_IMPLICIT_RETAIN_SELF = YES;
				CLANG_WARN_OBJC_LITERAL_CONVERSION = YES;
				CLANG_WARN_OBJC_ROOT_CLASS = YES_ERROR;
				CLANG_WARN_QUOTED_INCLUDE_IN_FRAMEWORK_HEADER = YES;
				CLANG_WARN_RANGE_LOOP_ANALYSIS = YES;
				CLANG_WARN_STRICT_PROTOTYPES = YES;
				CLANG_WARN_SUSPICIOUS_MOVE = YES;
				CLANG_WARN_UNGUARDED_AVAILABILITY = YES_AGGRESSIVE;
				CLANG_WARN_UNREACHABLE_CODE = YES;
				CLANG_WARN__DUPLICATE_METHOD_MATCH = YES;
				COPY_PHASE_STRIP = NO;
				DEBUG_INFORMATION_FORMAT = dwarf;
				ENABLE_STRICT_OBJC_MSGSEND = YES;
				ENABLE_TESTABILITY = YES;
				GCC_C_LANGUAGE_STANDARD = gnu11;
				GCC_DYNAMIC_NO_PIC = NO;
				GCC_NO_COMMON_BLOCKS = YES;
				GCC_OPTIMIZATION_LEVEL = 0;
				GCC_PREPROCESSOR_DEFINITIONS = (
					"$(inherited)",
					"DEBUG=1",
				);
				GCC_WARN_64_TO_32_BIT_CONVERSION = YES;
				GCC_WARN_ABOUT_RETURN_TYPE = YES_ERROR;
				GCC_WARN_UNDECLARED_SELECTOR = YES;
				GCC_WARN_UNINITIALIZED_AUTOS = YES_AGGRESSIVE;
				GCC_WARN_UNUSED_FUNCTION = YES;
				GCC_WARN_UNUSED_VARIABLE = YES;
				MTL_ENABLE_DEBUG_INFO = INCLUDE_SOURCE;
				MTL_FAST_MATH = YES;
				ONLY_ACTIVE_ARCH = YES;
				PRODUCT_NAME = "$(TARGET_NAME)";
				SDKROOT = iphoneos;
				SWIFT_ACTIVE_COMPILATION_CONDITIONS = DEBUG;
				SWIFT_OPTIMIZATION_LEVEL = "-Onone";
				SWIFT_VERSION = 5.0;
			};
			name = Debug;
		};
		E1A2CFAB07BC3D5FE3CD9107 /* Release */ = {
			isa = XCBuildConfiguration;
			buildSettings = {
				ALWAYS_SEARCH_USER_PATHS = NO;
				CLANG_ANALYZER_NONNULL = YES;
				CLANG_ANALYZER_NUMBER_OBJECT_CONVERSION = YES_AGGRESSIVE;
				CLANG_CXX_LANGUAGE_STANDARD = "gnu++14";
				CLANG_CXX_LIBRARY = "libc++";
				CLANG_ENABLE_MODULES = YES;
				CLANG_ENABLE_OBJC_ARC = YES;
				CLANG_ENABLE_OBJC_WEAK = YES;
				CLANG_WARN_BLOCK_CAPTURE_AUTORELEASING = YES;
				CLANG_WARN_BOOL_CONVERSION = YES;
				CLANG_WARN_COMMA = YES;
				CLANG_WARN_CONSTANT_CONVERSION = YES;
				CLANG_WARN_DEPRECATED_OBJC_IMPLEMENTATIONS = YES;
				CLANG_WARN_DIRECT_OBJC_ISA_USAGE = YES_ERROR;
				CLANG_WARN_DOCUMENTATION_COMMENTS = YES;
				CLANG_WARN_EMPTY_BODY = YES;
				CLANG_WARN_ENUM_CONVERSION = YES;
				CLANG_WARN_INFINITE_RECURSION = YES;
				CLANG_WARN_INT_CONVERSION = YES;
				CLANG_WARN_NON_LITERAL_NULL_CONVERSION = YES;
				CLANG_WARN_OBJC_IMPLICIT_RETAIN_SELF = YES;
				CLANG_WARN_OBJC_LITERAL_CONVERSION = YES;
				CLANG_WARN_OBJC_ROOT_CLASS = YES_ERROR;
				CLANG_WARN_QUOTED_INCLUDE_IN_FRAMEWORK_HEADER = YES;
				CLANG_WARN_RANGE_LOOP_ANALYSIS = YES;
				CLANG_WARN_STRICT_PROTOTYPES = YES;
				CLANG_WARN_SUSPICIOUS_MOVE = YES;
				CLANG_WARN_UNGUARDED_AVAILABILITY = YES_AGGRESSIVE;
				CLANG_WARN_UNREACHABLE_CODE = YES;
				CLANG_WARN__DUPLICATE_METHOD_MATCH = YES;
				COPY_PHASE_STRIP = NO;
				DEBUG_INFORMATION_FORMAT = "dwarf-with-dsym";
				ENABLE_NS_ASSERTIONS = NO;
				ENABLE_STRICT_OBJC_MSGSEND = YES;
				GCC_C_LANGUAGE_STANDARD = gnu11;
				GCC_NO_COMMON_BLOCKS = YES;
				GCC_WARN_64_TO_32_BIT_CONVERSION = YES;
				GCC_WARN_ABOUT_RETURN_TYPE = YES_ERROR;
				GCC_WARN_UNDECLARED_SELECTOR = YES;
				GCC_WARN_UNINITIALIZED_AUTOS = YES_AGGRESSIVE;
				GCC_WARN_UNUSED_FUNCTION = YES;
				GCC_WARN_UNUSED_VARIABLE = YES;
				MTL_ENABLE_DEBUG_INFO = NO;
				MTL_FAST_MATH = YES;
				PRODUCT_NAME = "$(TARGET_NAME)";
				SDKROOT = iphoneos;
				SWIFT_COMPILATION_MODE = wholemodule;
				SWIFT_OPTIMIZATION_LEVEL = "-O";
				SWIFT_VERSION = 5.0;
			};
			name = Release;
		};
/* End XCBuildConfiguration section */

/* Begin XCConfigurationList section */
		212960EB0253510BBB8871DC /* Build configuration list for PBXNativeTarget "KingGame" */ = {
			isa = XCConfigurationList;
			buildConfigurations = (
				25F3DD01D348A0312E6C267D /* Debug */,
				BBECE8470C001C58C08D263B /* Release */,
			);
			defaultConfigurationIsVisible = 0;
			defaultConfigurationName = Debug;
		};
		74BCC2C667CB726B4B88E0BE /* Build configuration list for PBXProject "KingGame" */ = {
			isa = XCConfigurationList;
			buildConfigurations = (
				DFBA95ABE249F5818A291C48 /* Debug */,
				E1A2CFAB07BC3D5FE3CD9107 /* Release */,
			);
			defaultConfigurationIsVisible = 0;
			defaultConfigurationName = Debug;
		};
/* End XCConfigurationList section */
	};
	rootObject = E0DA8BB239EE4F7C1B183034 /* Project object */;
}
